
Microsoft Visual Studio Solution File, Format Version 12.00
# Visual Studio Version 17
VisualStudioVersion = 17.2.32630.192
MinimumVisualStudioVersion = 10.0.40219.1
Project("{9A19103F-16F7-4668-BE54-9A1E7A4F7556}") = "TemperatureController", "TemperatureController.csproj", "{BD807B55-84C5-435A-B0FB-977BE889AD5A}"
EndProject
Project("{9A19103F-16F7-4668-BE54-9A1E7A4F7556}") = "PnpHelpers", "..\PnpConvention\PnpHelpers.csproj", "{8782AB08-C991-42AA-B7F4-F5140EEE94A3}"
EndProject
Project("{9A19103F-16F7-4668-BE54-9A1E7A4F7556}") = "ColorConsoleLogger", "..\ColorConsoleLogger\ColorConsoleLogger.csproj", "{919831AE-EEC9-47B3-A7BF-BA867E6E7FEF}"
EndProject
Global
	GlobalSection(SolutionConfigurationPlatforms) = preSolution
		Debug|Any CPU = Debug|Any CPU
		Release|Any CPU = Release|Any CPU
	EndGlobalSection
	GlobalSection(ProjectConfigurationPlatforms) = postSolution
		{BD807B55-84C5-435A-B0FB-977BE889AD5A}.Debug|Any CPU.ActiveCfg = Debug|Any CPU
		{BD807B55-84C5-435A-B0FB-977BE889AD5A}.Debug|Any CPU.Build.0 = Debug|Any CPU
		{BD807B55-84C5-435A-B0FB-977BE889AD5A}.Release|Any CPU.ActiveCfg = Release|Any CPU
		{BD807B55-84C5-435A-B0FB-977BE889AD5A}.Release|Any CPU.Build.0 = Release|Any CPU
		{8782AB08-C991-42AA-B7F4-F5140EEE94A3}.Debug|Any CPU.ActiveCfg = Debug|Any CPU
		{8782AB08-C991-42AA-B7F4-F5140EEE94A3}.Debug|Any CPU.Build.0 = Debug|Any CPU
		{8782AB08-C991-42AA-B7F4-F5140EEE94A3}.Release|Any CPU.ActiveCfg = Release|Any CPU
		{8782AB08-C991-42AA-B7F4-F5140EEE94A3}.Release|Any CPU.Build.0 = Release|Any CPU
		{919831AE-EEC9-47B3-A7BF-BA867E6E7FEF}.Debug|Any CPU.ActiveCfg = Debug|Any CPU
		{919831AE-EEC9-47B3-A7BF-BA867E6E7FEF}.Debug|Any CPU.Build.0 = Debug|Any CPU
		{919831AE-EEC9-47B3-A7BF-BA867E6E7FEF}.Release|Any CPU.ActiveCfg = Release|Any CPU
		{919831AE-EEC9-47B3-A7BF-BA867E6E7FEF}.Release|Any CPU.Build.0 = Release|Any CPU
	EndGlobalSection
	GlobalSection(SolutionProperties) = preSolution
		HideSolutionNode = FALSE
	EndGlobalSection
	GlobalSection(ExtensibilityGlobals) = postSolution
		SolutionGuid = {D4066D58-6D68-401B-80B8-11A2B8DAC635}
	EndGlobalSection
EndGlobal
